<?xml version="1.0" encoding="utf-8"?>
<Project ToolsVersion="4.0" xmlns="http://schemas.microsoft.com/developer/msbuild/2003" DefaultTargets="Build">
  <PropertyGroup>
    <Configuration Condition=" '$(Configuration)' == '' ">Debug</Configuration>
    <SchemaVersion>2.0</SchemaVersion>
    <ProjectGuid>{a6bd29e1-978c-4e4f-ac48-b758bcbc9eb8}</ProjectGuid>
    <ProjectHome />
    <StartupFile>main.py</StartupFile>
    <SearchPath />
    <WorkingDirectory>.</WorkingDirectory>
    <OutputPath>.</OutputPath>
    <ProjectTypeGuids>{888888a0-9f3d-457c-b088-3a5042f75d52}</ProjectTypeGuids>
    <LaunchProvider>Standard Python launcher</LaunchProvider>
    <InterpreterId>Global|PythonCore|3.11</InterpreterId>
    